
Microsoft Visual Studio Solution File, Format Version 12.00
# Visual Studio Version 17
VisualStudioVersion = 17.0.31919.166
MinimumVisualStudioVersion = 10.0.40219.1
Project("{8BC9CEB8-8B4A-11D0-8D11-00A0C91BC942}") = "gitTest2", "gitTest2.vcxproj", "{20550DA2-60DC-4DEB-B867-057098C581BF}"
EndProject
Global
	GlobalSection(SolutionConfigurationPlatforms) = preSolution
		Debug|x64 = Debug|x64
		Debug|x86 = Debug|x86
		Release|x64 = Release|x64
		Release|x86 = Release|x86
	EndGlobalSection
	GlobalSection(ProjectConfigurationPlatforms) = postSolution
		{20550DA2-60DC-4DEB-B867-057098C581BF}.Debug|x64.ActiveCfg = Debug|x64
		{20550DA2-60DC-4DEB-B867-057098C581BF}.Debug|x64.Build.0 = Debug|x64
		{20550DA2-60DC-4DEB-B867-057098C581BF}.Debug|x86.ActiveCfg = Debug|Win32
		{20550DA2-60DC-4DEB-B867-057098C581BF}.Debug|x86.Build.0 = Debug|Win32
		{20550DA2-60DC-4DEB-B867-057098C581BF}.Release|x64.ActiveCfg = Release|x64
		{20550DA2-60DC-4DEB-B867-057098C581BF}.Release|x64.Build.0 = Release|x64
		{20550DA2-60DC-4DEB-B867-057098C581BF}.Release|x86.ActiveCfg = Release|Win32
		{20550DA2-60DC-4DEB-B867-057098C581BF}.Release|x86.Build.0 = Release|Win32
	EndGlobalSection
	GlobalSection(SolutionProperties) = preSolution
		HideSolutionNode = FALSE
	EndGlobalSection
	GlobalSection(ExtensibilityGlobals) = postSolution
		SolutionGuid = {D7C6EBA1-E5EC-44AB-9D95-ED3A72FA8ED7}
	EndGlobalSection
EndGlobal
